<?xml version="1.0" encoding="utf-8"?>
<Project ToolsVersion="4.0" xmlns="http://schemas.microsoft.com/developer/msbuild/2003">
  <ItemGroup>
    <None Include="Makefile" />
    <None Include="build_lzma.cmd">
      <Filter>lzma</Filter>
    </None>
    <None Include="clean_lzma.cmd">
      <Filter>lzma</Filter>
    </None>
    <None Include="build_lz4.cmd">
      <Filter>lz4</Filter>
    </None>
    <None Include="clean_lz4.cmd">
      <Filter>lz4</Filter>
    </None>
    <None Include="build_lzo.cmd">
      <Filter>lzo</Filter>
    </None>
    <None Include="clean_lzo.cmd">
      <Filter>lzo</Filter>
    </None>
    <None Include="build_zlib.cmd">
      <Filter>zlib</Filter>
    </None>
    <None Include="clean_zlib.cmd">
      <Filter>zlib</Filter>
    </None>
    <None Include="build_zstd.cmd">
      <Filter>zstd</Filter>
    </None>
    <None Include="clean_zstd.cmd">
      <Filter>zstd</Filter>
    </None>
  </ItemGroup>
  <ItemGroup>
    <Filter Include="lzma">
      <UniqueIdentifier>{23648c50-dd60-4db1-801e-51e83f15d184}</UniqueIdentifier>
    </Filter>
    <Filter Include="lz4">
      <UniqueIdentifier>{52079f9d-e2d4-4c06-96d2-e359ecf4d489}</UniqueIdentifier>
    </Filter>
    <Filter Include="lzo">
      <UniqueIdentifier>{263337f3-3f12-406a-9d2a-4f39f000e4eb}</UniqueIdentifier>
    </Filter>
    <Filter Include="zlib">
      <UniqueIdentifier>{cfae232e-0e64-46f7-ae1f-74dec6f5c206}</UniqueIdentifier>
    </Filter>
    <Filter Include="zstd">
      <UniqueIdentifier>{e7a57170-3df1-42f9-a851-74c3b02de356}</UniqueIdentifier>
    </Filter>
  </ItemGroup>
</Project>